
Microsoft Visual Studio Solution File, Format Version 12.00
# Visual Studio Version 17
VisualStudioVersion = 17.7.34031.279
MinimumVisualStudioVersion = 10.0.40219.1
Project("{9A19103F-16F7-4668-BE54-9A1E7A4F7556}") = "JonathanBrosnan.AdventureGame.WinHost", "JonathanBrosnan.AdventureGame.WinHost\JonathanBrosnan.AdventureGame.WinHost.csproj", "{D603E5C7-8A7E-4862-B4CD-F5CE19294174}"
EndProject
Project("{FAE04EC0-301F-11D3-BF4B-00C04F79EFBC}") = "JonathanBrosnan.AdventureGame", "JonathanBrosnan.AdventureGame\JonathanBrosnan.AdventureGame.csproj", "{461BB3E3-FA2D-4C49-9524-16FABCBEF3E9}"
EndProject
Global
	GlobalSection(SolutionConfigurationPlatforms) = preSolution
		Debug|Any CPU = Debug|Any CPU
		Release|Any CPU = Release|Any CPU
	EndGlobalSection
	GlobalSection(ProjectConfigurationPlatforms) = postSolution
		{D603E5C7-8A7E-4862-B4CD-F5CE19294174}.Debug|Any CPU.ActiveCfg = Debug|Any CPU
		{D603E5C7-8A7E-4862-B4CD-F5CE19294174}.Debug|Any CPU.Build.0 = Debug|Any CPU
		{D603E5C7-8A7E-4862-B4CD-F5CE19294174}.Release|Any CPU.ActiveCfg = Release|Any CPU
		{D603E5C7-8A7E-4862-B4CD-F5CE19294174}.Release|Any CPU.Build.0 = Release|Any CPU
		{461BB3E3-FA2D-4C49-9524-16FABCBEF3E9}.Debug|Any CPU.ActiveCfg = Debug|Any CPU
		{461BB3E3-FA2D-4C49-9524-16FABCBEF3E9}.Debug|Any CPU.Build.0 = Debug|Any CPU
		{461BB3E3-FA2D-4C49-9524-16FABCBEF3E9}.Release|Any CPU.ActiveCfg = Release|Any CPU
		{461BB3E3-FA2D-4C49-9524-16FABCBEF3E9}.Release|Any CPU.Build.0 = Release|Any CPU
	EndGlobalSection
	GlobalSection(SolutionProperties) = preSolution
		HideSolutionNode = FALSE
	EndGlobalSection
	GlobalSection(ExtensibilityGlobals) = postSolution
		SolutionGuid = {727379D0-64AA-47CF-857E-48507B63E072}
	EndGlobalSection
EndGlobal
